
Microsoft Visual Studio Solution File, Format Version 12.00
# Visual Studio 15
VisualStudioVersion = 15.0.26124.0
MinimumVisualStudioVersion = 15.0.26124.0
Project("{FAE04EC0-301F-11D3-BF4B-00C04F79EFBC}") = "CustomerApp.Domain", "CustomerApp.Domain\CustomerApp.Domain.csproj", "{281DCB4A-AFE5-462E-B969-5BA83F604D39}"
EndProject
Project("{FAE04EC0-301F-11D3-BF4B-00C04F79EFBC}") = "CustomerApp.Repository", "CustomerApp.Repository\CustomerApp.Repository.csproj", "{8C53E1E8-7D45-4F81-B540-79D88C9EAAB4}"
EndProject
Project("{FAE04EC0-301F-11D3-BF4B-00C04F79EFBC}") = "CustomerApp.WebAPI", "CustomerApp.WebAPI\CustomerApp.WebAPI.csproj", "{38FD0EE0-3AAE-43D5-A0B5-F784E81AD2D5}"
EndProject
Global
	GlobalSection(SolutionConfigurationPlatforms) = preSolution
		Debug|Any CPU = Debug|Any CPU
		Debug|x64 = Debug|x64
		Debug|x86 = Debug|x86
		Release|Any CPU = Release|Any CPU
		Release|x64 = Release|x64
		Release|x86 = Release|x86
	EndGlobalSection
	GlobalSection(SolutionProperties) = preSolution
		HideSolutionNode = FALSE
	EndGlobalSection
	GlobalSection(ProjectConfigurationPlatforms) = postSolution
		{281DCB4A-AFE5-462E-B969-5BA83F604D39}.Debug|Any CPU.ActiveCfg = Debug|Any CPU
		{281DCB4A-AFE5-462E-B969-5BA83F604D39}.Debug|Any CPU.Build.0 = Debug|Any CPU
		{281DCB4A-AFE5-462E-B969-5BA83F604D39}.Debug|x64.ActiveCfg = Debug|Any CPU
		{281DCB4A-AFE5-462E-B969-5BA83F604D39}.Debug|x64.Build.0 = Debug|Any CPU
		{281DCB4A-AFE5-462E-B969-5BA83F604D39}.Debug|x86.ActiveCfg = Debug|Any CPU
		{281DCB4A-AFE5-462E-B969-5BA83F604D39}.Debug|x86.Build.0 = Debug|Any CPU
		{281DCB4A-AFE5-462E-B969-5BA83F604D39}.Release|Any CPU.ActiveCfg = Release|Any CPU
		{281DCB4A-AFE5-462E-B969-5BA83F604D39}.Release|Any CPU.Build.0 = Release|Any CPU
		{281DCB4A-AFE5-462E-B969-5BA83F604D39}.Release|x64.ActiveCfg = Release|Any CPU
		{281DCB4A-AFE5-462E-B969-5BA83F604D39}.Release|x64.Build.0 = Release|Any CPU
		{281DCB4A-AFE5-462E-B969-5BA83F604D39}.Release|x86.ActiveCfg = Release|Any CPU
		{281DCB4A-AFE5-462E-B969-5BA83F604D39}.Release|x86.Build.0 = Release|Any CPU
		{8C53E1E8-7D45-4F81-B540-79D88C9EAAB4}.Debug|Any CPU.ActiveCfg = Debug|Any CPU
		{8C53E1E8-7D45-4F81-B540-79D88C9EAAB4}.Debug|Any CPU.Build.0 = Debug|Any CPU
		{8C53E1E8-7D45-4F81-B540-79D88C9EAAB4}.Debug|x64.ActiveCfg = Debug|Any CPU
		{8C53E1E8-7D45-4F81-B540-79D88C9EAAB4}.Debug|x64.Build.0 = Debug|Any CPU
		{8C53E1E8-7D45-4F81-B540-79D88C9EAAB4}.Debug|x86.ActiveCfg = Debug|Any CPU
		{8C53E1E8-7D45-4F81-B540-79D88C9EAAB4}.Debug|x86.Build.0 = Debug|Any CPU
		{8C53E1E8-7D45-4F81-B540-79D88C9EAAB4}.Release|Any CPU.ActiveCfg = Release|Any CPU
		{8C53E1E8-7D45-4F81-B540-79D88C9EAAB4}.Release|Any CPU.Build.0 = Release|Any CPU
		{8C53E1E8-7D45-4F81-B540-79D88C9EAAB4}.Release|x64.ActiveCfg = Release|Any CPU
		{8C53E1E8-7D45-4F81-B540-79D88C9EAAB4}.Release|x64.Build.0 = Release|Any CPU
		{8C53E1E8-7D45-4F81-B540-79D88C9EAAB4}.Release|x86.ActiveCfg = Release|Any CPU
		{8C53E1E8-7D45-4F81-B540-79D88C9EAAB4}.Release|x86.Build.0 = Release|Any CPU
		{38FD0EE0-3AAE-43D5-A0B5-F784E81AD2D5}.Debug|Any CPU.ActiveCfg = Debug|Any CPU
		{38FD0EE0-3AAE-43D5-A0B5-F784E81AD2D5}.Debug|Any CPU.Build.0 = Debug|Any CPU
		{38FD0EE0-3AAE-43D5-A0B5-F784E81AD2D5}.Debug|x64.ActiveCfg = Debug|Any CPU
		{38FD0EE0-3AAE-43D5-A0B5-F784E81AD2D5}.Debug|x64.Build.0 = Debug|Any CPU
		{38FD0EE0-3AAE-43D5-A0B5-F784E81AD2D5}.Debug|x86.ActiveCfg = Debug|Any CPU
		{38FD0EE0-3AAE-43D5-A0B5-F784E81AD2D5}.Debug|x86.Build.0 = Debug|Any CPU
		{38FD0EE0-3AAE-43D5-A0B5-F784E81AD2D5}.Release|Any CPU.ActiveCfg = Release|Any CPU
		{38FD0EE0-3AAE-43D5-A0B5-F784E81AD2D5}.Release|Any CPU.Build.0 = Release|Any CPU
		{38FD0EE0-3AAE-43D5-A0B5-F784E81AD2D5}.Release|x64.ActiveCfg = Release|Any CPU
		{38FD0EE0-3AAE-43D5-A0B5-F784E81AD2D5}.Release|x64.Build.0 = Release|Any CPU
		{38FD0EE0-3AAE-43D5-A0B5-F784E81AD2D5}.Release|x86.ActiveCfg = Release|Any CPU
		{38FD0EE0-3AAE-43D5-A0B5-F784E81AD2D5}.Release|x86.Build.0 = Release|Any CPU
	EndGlobalSection
EndGlobal
